
Microsoft Visual Studio Solution File, Format Version 12.00
# Visual Studio Version 16
VisualStudioVersion = 16.0.29911.84
MinimumVisualStudioVersion = 10.0.40219.1
Project("{FAE04EC0-301F-11D3-BF4B-00C04F79EFBC}") = "Weiss_Jessica_Millionenrechner", "Weiss_Jessica_Millionenrechner.csproj", "{ED76F4BA-A0C8-4C89-A9CA-BD98B80C6924}"
EndProject
Global
	GlobalSection(SolutionConfigurationPlatforms) = preSolution
		Debug|Any CPU = Debug|Any CPU
		Release|Any CPU = Release|Any CPU
	EndGlobalSection
	GlobalSection(ProjectConfigurationPlatforms) = postSolution
		{ED76F4BA-A0C8-4C89-A9CA-BD98B80C6924}.Debug|Any CPU.ActiveCfg = Debug|Any CPU
		{ED76F4BA-A0C8-4C89-A9CA-BD98B80C6924}.Debug|Any CPU.Build.0 = Debug|Any CPU
		{ED76F4BA-A0C8-4C89-A9CA-BD98B80C6924}.Release|Any CPU.ActiveCfg = Release|Any CPU
		{ED76F4BA-A0C8-4C89-A9CA-BD98B80C6924}.Release|Any CPU.Build.0 = Release|Any CPU
	EndGlobalSection
	GlobalSection(SolutionProperties) = preSolution
		HideSolutionNode = FALSE
	EndGlobalSection
	GlobalSection(ExtensibilityGlobals) = postSolution
		SolutionGuid = {B87AF6EB-2F24-46E5-9462-8214F650CFC9}
	EndGlobalSection
EndGlobal
